
Microsoft Visual Studio Solution File, Format Version 12.00
# Visual Studio Version 17
VisualStudioVersion = 17.4.33403.182
MinimumVisualStudioVersion = 10.0.40219.1
Project("{FAE04EC0-301F-11D3-BF4B-00C04F79EFBC}") = "MyFirstWebApp", "MyFirstWebApp\MyFirstWebApp.csproj", "{C6523758-181A-43B3-9535-B3CBD7491D0D}"
EndProject
Global
	GlobalSection(SolutionConfigurationPlatforms) = preSolution
		Debug|Any CPU = Debug|Any CPU
		Release|Any CPU = Release|Any CPU
	EndGlobalSection
	GlobalSection(ProjectConfigurationPlatforms) = postSolution
		{C6523758-181A-43B3-9535-B3CBD7491D0D}.Debug|Any CPU.ActiveCfg = Debug|Any CPU
		{C6523758-181A-43B3-9535-B3CBD7491D0D}.Debug|Any CPU.Build.0 = Debug|Any CPU
		{C6523758-181A-43B3-9535-B3CBD7491D0D}.Release|Any CPU.ActiveCfg = Release|Any CPU
		{C6523758-181A-43B3-9535-B3CBD7491D0D}.Release|Any CPU.Build.0 = Release|Any CPU
	EndGlobalSection
	GlobalSection(SolutionProperties) = preSolution
		HideSolutionNode = FALSE
	EndGlobalSection
	GlobalSection(ExtensibilityGlobals) = postSolution
		SolutionGuid = {5FF25013-AC91-42BC-B397-8AC53CD7A164}
	EndGlobalSection
EndGlobal
